
Microsoft Visual Studio Solution File, Format Version 12.00
# Visual Studio 15
VisualStudioVersion = 15.0.28307.136
MinimumVisualStudioVersion = 10.0.40219.1
Project("{FAE04EC0-301F-11D3-BF4B-00C04F79EFBC}") = "ShoppingCart.UWP", "ShoppingCart\ShoppingCart.UWP\ShoppingCart.UWP.csproj", "{AD8509D5-921D-45AA-8C78-D3DECCFB672E}"
EndProject
Project("{FAE04EC0-301F-11D3-BF4B-00C04F79EFBC}") = "ShoppingCart.Android", "ShoppingCart\ShoppingCart.Android\ShoppingCart.Android.csproj", "{41D217DF-BCED-4521-9F6E-BCF51047863A}"
EndProject
Project("{FAE04EC0-301F-11D3-BF4B-00C04F79EFBC}") = "ShoppingCart.iOS", "ShoppingCart\ShoppingCart.iOS\ShoppingCart.iOS.csproj", "{64D45206-8231-4330-88BA-365F8C5743CD}"
EndProject
Project("{9A19103F-16F7-4668-BE54-9A1E7A4F7556}") = "ShoppingCart", "ShoppingCart\ShoppingCart\ShoppingCart.csproj", "{1BF0DFC8-7563-4844-BA9C-80B1981296CC}"
EndProject
Project("{9A19103F-16F7-4668-BE54-9A1E7A4F7556}") = "ShoppingApp.Entities", "ShoppingApp.Entities\ShoppingApp.Entities.csproj", "{40241CB7-6886-4ECE-9469-4E271BB35BD7}"
EndProject
Project("{FAE04EC0-301F-11D3-BF4B-00C04F79EFBC}") = "ShoppingAPI", "ShoppingAPI\ShoppingAPI.csproj", "{273A62E5-E116-4A08-8D76-FDEB9A664185}"
EndProject
Global
	GlobalSection(SolutionConfigurationPlatforms) = preSolution
		Debug|Any CPU = Debug|Any CPU
		Debug|ARM = Debug|ARM
		Debug|iPhone = Debug|iPhone
		Debug|iPhoneSimulator = Debug|iPhoneSimulator
		Debug|x64 = Debug|x64
		Debug|x86 = Debug|x86
		Release|Any CPU = Release|Any CPU
		Release|ARM = Release|ARM
		Release|iPhone = Release|iPhone
		Release|iPhoneSimulator = Release|iPhoneSimulator
		Release|x64 = Release|x64
		Release|x86 = Release|x86
	EndGlobalSection
	GlobalSection(ProjectConfigurationPlatforms) = postSolution
		{AD8509D5-921D-45AA-8C78-D3DECCFB672E}.Debug|Any CPU.ActiveCfg = Debug|x86
		{AD8509D5-921D-45AA-8C78-D3DECCFB672E}.Debug|Any CPU.Build.0 = Debug|x86
		{AD8509D5-921D-45AA-8C78-D3DECCFB672E}.Debug|Any CPU.Deploy.0 = Debug|x86
		{AD8509D5-921D-45AA-8C78-D3DECCFB672E}.Debug|ARM.ActiveCfg = Debug|ARM
		{AD8509D5-921D-45AA-8C78-D3DECCFB672E}.Debug|ARM.Build.0 = Debug|ARM
		{AD8509D5-921D-45AA-8C78-D3DECCFB672E}.Debug|ARM.Deploy.0 = Debug|ARM
		{AD8509D5-921D-45AA-8C78-D3DECCFB672E}.Debug|iPhone.ActiveCfg = Debug|x86
		{AD8509D5-921D-45AA-8C78-D3DECCFB672E}.Debug|iPhone.Build.0 = Debug|x86
		{AD8509D5-921D-45AA-8C78-D3DECCFB672E}.Debug|iPhone.Deploy.0 = Debug|x86
		{AD8509D5-921D-45AA-8C78-D3DECCFB672E}.Debug|iPhoneSimulator.ActiveCfg = Debug|x86
		{AD8509D5-921D-45AA-8C78-D3DECCFB672E}.Debug|iPhoneSimulator.Build.0 = Debug|x86
		{AD8509D5-921D-45AA-8C78-D3DECCFB672E}.Debug|iPhoneSimulator.Deploy.0 = Debug|x86
		{AD8509D5-921D-45AA-8C78-D3DECCFB672E}.Debug|x64.ActiveCfg = Debug|x64
		{AD8509D5-921D-45AA-8C78-D3DECCFB672E}.Debug|x64.Build.0 = Debug|x64
		{AD8509D5-921D-45AA-8C78-D3DECCFB672E}.Debug|x64.Deploy.0 = Debug|x64
		{AD8509D5-921D-45AA-8C78-D3DECCFB672E}.Debug|x86.ActiveCfg = Debug|x86
		{AD8509D5-921D-45AA-8C78-D3DECCFB672E}.Debug|x86.Build.0 = Debug|x86
		{AD8509D5-921D-45AA-8C78-D3DECCFB672E}.Debug|x86.Deploy.0 = Debug|x86
		{AD8509D5-921D-45AA-8C78-D3DECCFB672E}.Release|Any CPU.ActiveCfg = Release|x86
		{AD8509D5-921D-45AA-8C78-D3DECCFB672E}.Release|Any CPU.Build.0 = Release|x86
		{AD8509D5-921D-45AA-8C78-D3DECCFB672E}.Release|Any CPU.Deploy.0 = Release|x86
		{AD8509D5-921D-45AA-8C78-D3DECCFB672E}.Release|ARM.ActiveCfg = Release|ARM
		{AD8509D5-921D-45AA-8C78-D3DECCFB672E}.Release|ARM.Build.0 = Release|ARM
		{AD8509D5-921D-45AA-8C78-D3DECCFB672E}.Release|ARM.Deploy.0 = Release|ARM
		{AD8509D5-921D-45AA-8C78-D3DECCFB672E}.Release|iPhone.ActiveCfg = Release|x86
		{AD8509D5-921D-45AA-8C78-D3DECCFB672E}.Release|iPhone.Build.0 = Release|x86
		{AD8509D5-921D-45AA-8C78-D3DECCFB672E}.Release|iPhone.Deploy.0 = Release|x86
		{AD8509D5-921D-45AA-8C78-D3DECCFB672E}.Release|iPhoneSimulator.ActiveCfg = Release|x86
		{AD8509D5-921D-45AA-8C78-D3DECCFB672E}.Release|iPhoneSimulator.Build.0 = Release|x86
		{AD8509D5-921D-45AA-8C78-D3DECCFB672E}.Release|iPhoneSimulator.Deploy.0 = Release|x86
		{AD8509D5-921D-45AA-8C78-D3DECCFB672E}.Release|x64.ActiveCfg = Release|x64
		{AD8509D5-921D-45AA-8C78-D3DECCFB672E}.Release|x64.Build.0 = Release|x64
		{AD8509D5-921D-45AA-8C78-D3DECCFB672E}.Release|x64.Deploy.0 = Release|x64
		{AD8509D5-921D-45AA-8C78-D3DECCFB672E}.Release|x86.ActiveCfg = Release|x86
		{AD8509D5-921D-45AA-8C78-D3DECCFB672E}.Release|x86.Build.0 = Release|x86
		{AD8509D5-921D-45AA-8C78-D3DECCFB672E}.Release|x86.Deploy.0 = Release|x86
		{41D217DF-BCED-4521-9F6E-BCF51047863A}.Debug|Any CPU.ActiveCfg = Debug|Any CPU
		{41D217DF-BCED-4521-9F6E-BCF51047863A}.Debug|Any CPU.Build.0 = Debug|Any CPU
		{41D217DF-BCED-4521-9F6E-BCF51047863A}.Debug|Any CPU.Deploy.0 = Debug|Any CPU
		{41D217DF-BCED-4521-9F6E-BCF51047863A}.Debug|ARM.ActiveCfg = Debug|Any CPU
		{41D217DF-BCED-4521-9F6E-BCF51047863A}.Debug|ARM.Build.0 = Debug|Any CPU
		{41D217DF-BCED-4521-9F6E-BCF51047863A}.Debug|ARM.Deploy.0 = Debug|Any CPU
		{41D217DF-BCED-4521-9F6E-BCF51047863A}.Debug|iPhone.ActiveCfg = Debug|Any CPU
		{41D217DF-BCED-4521-9F6E-BCF51047863A}.Debug|iPhone.Build.0 = Debug|Any CPU
		{41D217DF-BCED-4521-9F6E-BCF51047863A}.Debug|iPhone.Deploy.0 = Debug|Any CPU
		{41D217DF-BCED-4521-9F6E-BCF51047863A}.Debug|iPhoneSimulator.ActiveCfg = Debug|Any CPU
		{41D217DF-BCED-4521-9F6E-BCF51047863A}.Debug|iPhoneSimulator.Build.0 = Debug|Any CPU
		{41D217DF-BCED-4521-9F6E-BCF51047863A}.Debug|iPhoneSimulator.Deploy.0 = Debug|Any CPU
		{41D217DF-BCED-4521-9F6E-BCF51047863A}.Debug|x64.ActiveCfg = Debug|Any CPU
		{41D217DF-BCED-4521-9F6E-BCF51047863A}.Debug|x64.Build.0 = Debug|Any CPU
		{41D217DF-BCED-4521-9F6E-BCF51047863A}.Debug|x64.Deploy.0 = Debug|Any CPU
		{41D217DF-BCED-4521-9F6E-BCF51047863A}.Debug|x86.ActiveCfg = Debug|Any CPU
		{41D217DF-BCED-4521-9F6E-BCF51047863A}.Debug|x86.Build.0 = Debug|Any CPU
		{41D217DF-BCED-4521-9F6E-BCF51047863A}.Debug|x86.Deploy.0 = Debug|Any CPU
		{41D217DF-BCED-4521-9F6E-BCF51047863A}.Release|Any CPU.ActiveCfg = Release|Any CPU
		{41D217DF-BCED-4521-9F6E-BCF51047863A}.Release|Any CPU.Build.0 = Release|Any CPU
		{41D217DF-BCED-4521-9F6E-BCF51047863A}.Release|Any CPU.Deploy.0 = Release|Any CPU
		{41D217DF-BCED-4521-9F6E-BCF51047863A}.Release|ARM.ActiveCfg = Release|Any CPU
		{41D217DF-BCED-4521-9F6E-BCF51047863A}.Release|ARM.Build.0 = Release|Any CPU
		{41D217DF-BCED-4521-9F6E-BCF51047863A}.Release|ARM.Deploy.0 = Release|Any CPU
		{41D217DF-BCED-4521-9F6E-BCF51047863A}.Release|iPhone.ActiveCfg = Release|Any CPU
		{41D217DF-BCED-4521-9F6E-BCF51047863A}.Release|iPhone.Build.0 = Release|Any CPU
		{41D217DF-BCED-4521-9F6E-BCF51047863A}.Release|iPhone.Deploy.0 = Release|Any CPU
		{41D217DF-BCED-4521-9F6E-BCF51047863A}.Release|iPhoneSimulator.ActiveCfg = Release|Any CPU
		{41D217DF-BCED-4521-9F6E-BCF51047863A}.Release|iPhoneSimulator.Build.0 = Release|Any CPU
		{41D217DF-BCED-4521-9F6E-BCF51047863A}.Release|iPhoneSimulator.Deploy.0 = Release|Any CPU
		{41D217DF-BCED-4521-9F6E-BCF51047863A}.Release|x64.ActiveCfg = Release|Any CPU
		{41D217DF-BCED-4521-9F6E-BCF51047863A}.Release|x64.Build.0 = Release|Any CPU
		{41D217DF-BCED-4521-9F6E-BCF51047863A}.Release|x64.Deploy.0 = Release|Any CPU
		{41D217DF-BCED-4521-9F6E-BCF51047863A}.Release|x86.ActiveCfg = Release|Any CPU
		{41D217DF-BCED-4521-9F6E-BCF51047863A}.Release|x86.Build.0 = Release|Any CPU
		{41D217DF-BCED-4521-9F6E-BCF51047863A}.Release|x86.Deploy.0 = Release|Any CPU
		{64D45206-8231-4330-88BA-365F8C5743CD}.Debug|Any CPU.ActiveCfg = Debug|iPhone
		{64D45206-8231-4330-88BA-365F8C5743CD}.Debug|Any CPU.Build.0 = Debug|iPhone
		{64D45206-8231-4330-88BA-365F8C5743CD}.Debug|Any CPU.Deploy.0 = Debug|iPhone
		{64D45206-8231-4330-88BA-365F8C5743CD}.Debug|ARM.ActiveCfg = Debug|iPhoneSimulator
		{64D45206-8231-4330-88BA-365F8C5743CD}.Debug|ARM.Build.0 = Debug|iPhoneSimulator
		{64D45206-8231-4330-88BA-365F8C5743CD}.Debug|ARM.Deploy.0 = Debug|iPhoneSimulator
		{64D45206-8231-4330-88BA-365F8C5743CD}.Debug|iPhone.ActiveCfg = Debug|iPhone
		{64D45206-8231-4330-88BA-365F8C5743CD}.Debug|iPhone.Build.0 = Debug|iPhone
		{64D45206-8231-4330-88BA-365F8C5743CD}.Debug|iPhone.Deploy.0 = Debug|iPhone
		{64D45206-8231-4330-88BA-365F8C5743CD}.Debug|iPhoneSimulator.ActiveCfg = Debug|iPhoneSimulator
		{64D45206-8231-4330-88BA-365F8C5743CD}.Debug|iPhoneSimulator.Build.0 = Debug|iPhoneSimulator
		{64D45206-8231-4330-88BA-365F8C5743CD}.Debug|iPhoneSimulator.Deploy.0 = Debug|iPhoneSimulator
		{64D45206-8231-4330-88BA-365F8C5743CD}.Debug|x64.ActiveCfg = Debug|iPhone
		{64D45206-8231-4330-88BA-365F8C5743CD}.Debug|x64.Build.0 = Debug|iPhone
		{64D45206-8231-4330-88BA-365F8C5743CD}.Debug|x64.Deploy.0 = Debug|iPhone
		{64D45206-8231-4330-88BA-365F8C5743CD}.Debug|x86.ActiveCfg = Debug|iPhone
		{64D45206-8231-4330-88BA-365F8C5743CD}.Debug|x86.Build.0 = Debug|iPhone
		{64D45206-8231-4330-88BA-365F8C5743CD}.Debug|x86.Deploy.0 = Debug|iPhone
		{64D45206-8231-4330-88BA-365F8C5743CD}.Release|Any CPU.ActiveCfg = Release|iPhone
		{64D45206-8231-4330-88BA-365F8C5743CD}.Release|Any CPU.Build.0 = Release|iPhone
		{64D45206-8231-4330-88BA-365F8C5743CD}.Release|Any CPU.Deploy.0 = Release|iPhone
		{64D45206-8231-4330-88BA-365F8C5743CD}.Release|ARM.ActiveCfg = Release|iPhone
		{64D45206-8231-4330-88BA-365F8C5743CD}.Release|ARM.Build.0 = Release|iPhone
		{64D45206-8231-4330-88BA-365F8C5743CD}.Release|ARM.Deploy.0 = Release|iPhone
		{64D45206-8231-4330-88BA-365F8C5743CD}.Release|iPhone.ActiveCfg = Release|iPhone
		{64D45206-8231-4330-88BA-365F8C5743CD}.Release|iPhone.Build.0 = Release|iPhone
		{64D45206-8231-4330-88BA-365F8C5743CD}.Release|iPhone.Deploy.0 = Release|iPhone
		{64D45206-8231-4330-88BA-365F8C5743CD}.Release|iPhoneSimulator.ActiveCfg = Release|iPhoneSimulator
		{64D45206-8231-4330-88BA-365F8C5743CD}.Release|iPhoneSimulator.Build.0 = Release|iPhoneSimulator
		{64D45206-8231-4330-88BA-365F8C5743CD}.Release|iPhoneSimulator.Deploy.0 = Release|iPhoneSimulator
		{64D45206-8231-4330-88BA-365F8C5743CD}.Release|x64.ActiveCfg = Release|iPhone
		{64D45206-8231-4330-88BA-365F8C5743CD}.Release|x64.Build.0 = Release|iPhone
		{64D45206-8231-4330-88BA-365F8C5743CD}.Release|x64.Deploy.0 = Release|iPhone
		{64D45206-8231-4330-88BA-365F8C5743CD}.Release|x86.ActiveCfg = Release|iPhone
		{64D45206-8231-4330-88BA-365F8C5743CD}.Release|x86.Build.0 = Release|iPhone
		{64D45206-8231-4330-88BA-365F8C5743CD}.Release|x86.Deploy.0 = Release|iPhone
		{1BF0DFC8-7563-4844-BA9C-80B1981296CC}.Debug|Any CPU.ActiveCfg = Debug|Any CPU
		{1BF0DFC8-7563-4844-BA9C-80B1981296CC}.Debug|Any CPU.Build.0 = Debug|Any CPU
		{1BF0DFC8-7563-4844-BA9C-80B1981296CC}.Debug|Any CPU.Deploy.0 = Debug|Any CPU
		{1BF0DFC8-7563-4844-BA9C-80B1981296CC}.Debug|ARM.ActiveCfg = Debug|Any CPU
		{1BF0DFC8-7563-4844-BA9C-80B1981296CC}.Debug|ARM.Build.0 = Debug|Any CPU
		{1BF0DFC8-7563-4844-BA9C-80B1981296CC}.Debug|ARM.Deploy.0 = Debug|Any CPU
		{1BF0DFC8-7563-4844-BA9C-80B1981296CC}.Debug|iPhone.ActiveCfg = Debug|Any CPU
		{1BF0DFC8-7563-4844-BA9C-80B1981296CC}.Debug|iPhone.Build.0 = Debug|Any CPU
		{1BF0DFC8-7563-4844-BA9C-80B1981296CC}.Debug|iPhone.Deploy.0 = Debug|Any CPU
		{1BF0DFC8-7563-4844-BA9C-80B1981296CC}.Debug|iPhoneSimulator.ActiveCfg = Debug|Any CPU
		{1BF0DFC8-7563-4844-BA9C-80B1981296CC}.Debug|iPhoneSimulator.Build.0 = Debug|Any CPU
		{1BF0DFC8-7563-4844-BA9C-80B1981296CC}.Debug|iPhoneSimulator.Deploy.0 = Debug|Any CPU
		{1BF0DFC8-7563-4844-BA9C-80B1981296CC}.Debug|x64.ActiveCfg = Debug|Any CPU
		{1BF0DFC8-7563-4844-BA9C-80B1981296CC}.Debug|x64.Build.0 = Debug|Any CPU
		{1BF0DFC8-7563-4844-BA9C-80B1981296CC}.Debug|x64.Deploy.0 = Debug|Any CPU
		{1BF0DFC8-7563-4844-BA9C-80B1981296CC}.Debug|x86.ActiveCfg = Debug|Any CPU
		{1BF0DFC8-7563-4844-BA9C-80B1981296CC}.Debug|x86.Build.0 = Debug|Any CPU
		{1BF0DFC8-7563-4844-BA9C-80B1981296CC}.Debug|x86.Deploy.0 = Debug|Any CPU
		{1BF0DFC8-7563-4844-BA9C-80B1981296CC}.Release|Any CPU.ActiveCfg = Release|Any CPU
		{1BF0DFC8-7563-4844-BA9C-80B1981296CC}.Release|Any CPU.Build.0 = Release|Any CPU
		{1BF0DFC8-7563-4844-BA9C-80B1981296CC}.Release|Any CPU.Deploy.0 = Release|Any CPU
		{1BF0DFC8-7563-4844-BA9C-80B1981296CC}.Release|ARM.ActiveCfg = Release|Any CPU
		{1BF0DFC8-7563-4844-BA9C-80B1981296CC}.Release|ARM.Build.0 = Release|Any CPU
		{1BF0DFC8-7563-4844-BA9C-80B1981296CC}.Release|ARM.Deploy.0 = Release|Any CPU
		{1BF0DFC8-7563-4844-BA9C-80B1981296CC}.Release|iPhone.ActiveCfg = Release|Any CPU
		{1BF0DFC8-7563-4844-BA9C-80B1981296CC}.Release|iPhone.Build.0 = Release|Any CPU
		{1BF0DFC8-7563-4844-BA9C-80B1981296CC}.Release|iPhone.Deploy.0 = Release|Any CPU
		{1BF0DFC8-7563-4844-BA9C-80B1981296CC}.Release|iPhoneSimulator.ActiveCfg = Release|Any CPU
		{1BF0DFC8-7563-4844-BA9C-80B1981296CC}.Release|iPhoneSimulator.Build.0 = Release|Any CPU
		{1BF0DFC8-7563-4844-BA9C-80B1981296CC}.Release|iPhoneSimulator.Deploy.0 = Release|Any CPU
		{1BF0DFC8-7563-4844-BA9C-80B1981296CC}.Release|x64.ActiveCfg = Release|Any CPU
		{1BF0DFC8-7563-4844-BA9C-80B1981296CC}.Release|x64.Build.0 = Release|Any CPU
		{1BF0DFC8-7563-4844-BA9C-80B1981296CC}.Release|x64.Deploy.0 = Release|Any CPU
		{1BF0DFC8-7563-4844-BA9C-80B1981296CC}.Release|x86.ActiveCfg = Release|Any CPU
		{1BF0DFC8-7563-4844-BA9C-80B1981296CC}.Release|x86.Build.0 = Release|Any CPU
		{1BF0DFC8-7563-4844-BA9C-80B1981296CC}.Release|x86.Deploy.0 = Release|Any CPU
		{40241CB7-6886-4ECE-9469-4E271BB35BD7}.Debug|Any CPU.ActiveCfg = Debug|Any CPU
		{40241CB7-6886-4ECE-9469-4E271BB35BD7}.Debug|Any CPU.Build.0 = Debug|Any CPU
		{40241CB7-6886-4ECE-9469-4E271BB35BD7}.Debug|ARM.ActiveCfg = Debug|Any CPU
		{40241CB7-6886-4ECE-9469-4E271BB35BD7}.Debug|ARM.Build.0 = Debug|Any CPU
		{40241CB7-6886-4ECE-9469-4E271BB35BD7}.Debug|iPhone.ActiveCfg = Debug|Any CPU
		{40241CB7-6886-4ECE-9469-4E271BB35BD7}.Debug|iPhone.Build.0 = Debug|Any CPU
		{40241CB7-6886-4ECE-9469-4E271BB35BD7}.Debug|iPhoneSimulator.ActiveCfg = Debug|Any CPU
		{40241CB7-6886-4ECE-9469-4E271BB35BD7}.Debug|iPhoneSimulator.Build.0 = Debug|Any CPU
		{40241CB7-6886-4ECE-9469-4E271BB35BD7}.Debug|x64.ActiveCfg = Debug|Any CPU
		{40241CB7-6886-4ECE-9469-4E271BB35BD7}.Debug|x64.Build.0 = Debug|Any CPU
		{40241CB7-6886-4ECE-9469-4E271BB35BD7}.Debug|x86.ActiveCfg = Debug|Any CPU
		{40241CB7-6886-4ECE-9469-4E271BB35BD7}.Debug|x86.Build.0 = Debug|Any CPU
		{40241CB7-6886-4ECE-9469-4E271BB35BD7}.Release|Any CPU.ActiveCfg = Release|Any CPU
		{40241CB7-6886-4ECE-9469-4E271BB35BD7}.Release|Any CPU.Build.0 = Release|Any CPU
		{40241CB7-6886-4ECE-9469-4E271BB35BD7}.Release|ARM.ActiveCfg = Release|Any CPU
		{40241CB7-6886-4ECE-9469-4E271BB35BD7}.Release|ARM.Build.0 = Release|Any CPU
		{40241CB7-6886-4ECE-9469-4E271BB35BD7}.Release|iPhone.ActiveCfg = Release|Any CPU
		{40241CB7-6886-4ECE-9469-4E271BB35BD7}.Release|iPhone.Build.0 = Release|Any CPU
		{40241CB7-6886-4ECE-9469-4E271BB35BD7}.Release|iPhoneSimulator.ActiveCfg = Release|Any CPU
		{40241CB7-6886-4ECE-9469-4E271BB35BD7}.Release|iPhoneSimulator.Build.0 = Release|Any CPU
		{40241CB7-6886-4ECE-9469-4E271BB35BD7}.Release|x64.ActiveCfg = Release|Any CPU
		{40241CB7-6886-4ECE-9469-4E271BB35BD7}.Release|x64.Build.0 = Release|Any CPU
		{40241CB7-6886-4ECE-9469-4E271BB35BD7}.Release|x86.ActiveCfg = Release|Any CPU
		{40241CB7-6886-4ECE-9469-4E271BB35BD7}.Release|x86.Build.0 = Release|Any CPU
		{273A62E5-E116-4A08-8D76-FDEB9A664185}.Debug|Any CPU.ActiveCfg = Debug|Any CPU
		{273A62E5-E116-4A08-8D76-FDEB9A664185}.Debug|Any CPU.Build.0 = Debug|Any CPU
		{273A62E5-E116-4A08-8D76-FDEB9A664185}.Debug|ARM.ActiveCfg = Debug|Any CPU
		{273A62E5-E116-4A08-8D76-FDEB9A664185}.Debug|ARM.Build.0 = Debug|Any CPU
		{273A62E5-E116-4A08-8D76-FDEB9A664185}.Debug|iPhone.ActiveCfg = Debug|Any CPU
		{273A62E5-E116-4A08-8D76-FDEB9A664185}.Debug|iPhone.Build.0 = Debug|Any CPU
		{273A62E5-E116-4A08-8D76-FDEB9A664185}.Debug|iPhoneSimulator.ActiveCfg = Debug|Any CPU
		{273A62E5-E116-4A08-8D76-FDEB9A664185}.Debug|iPhoneSimulator.Build.0 = Debug|Any CPU
		{273A62E5-E116-4A08-8D76-FDEB9A664185}.Debug|x64.ActiveCfg = Debug|Any CPU
		{273A62E5-E116-4A08-8D76-FDEB9A664185}.Debug|x64.Build.0 = Debug|Any CPU
		{273A62E5-E116-4A08-8D76-FDEB9A664185}.Debug|x86.ActiveCfg = Debug|Any CPU
		{273A62E5-E116-4A08-8D76-FDEB9A664185}.Debug|x86.Build.0 = Debug|Any CPU
		{273A62E5-E116-4A08-8D76-FDEB9A664185}.Release|Any CPU.ActiveCfg = Release|Any CPU
		{273A62E5-E116-4A08-8D76-FDEB9A664185}.Release|Any CPU.Build.0 = Release|Any CPU
		{273A62E5-E116-4A08-8D76-FDEB9A664185}.Release|ARM.ActiveCfg = Release|Any CPU
		{273A62E5-E116-4A08-8D76-FDEB9A664185}.Release|ARM.Build.0 = Release|Any CPU
		{273A62E5-E116-4A08-8D76-FDEB9A664185}.Release|iPhone.ActiveCfg = Release|Any CPU
		{273A62E5-E116-4A08-8D76-FDEB9A664185}.Release|iPhone.Build.0 = Release|Any CPU
		{273A62E5-E116-4A08-8D76-FDEB9A664185}.Release|iPhoneSimulator.ActiveCfg = Release|Any CPU
		{273A62E5-E116-4A08-8D76-FDEB9A664185}.Release|iPhoneSimulator.Build.0 = Release|Any CPU
		{273A62E5-E116-4A08-8D76-FDEB9A664185}.Release|x64.ActiveCfg = Release|Any CPU
		{273A62E5-E116-4A08-8D76-FDEB9A664185}.Release|x64.Build.0 = Release|Any CPU
		{273A62E5-E116-4A08-8D76-FDEB9A664185}.Release|x86.ActiveCfg = Release|Any CPU
		{273A62E5-E116-4A08-8D76-FDEB9A664185}.Release|x86.Build.0 = Release|Any CPU
	EndGlobalSection
	GlobalSection(SolutionProperties) = preSolution
		HideSolutionNode = FALSE
	EndGlobalSection
	GlobalSection(ExtensibilityGlobals) = postSolution
		SolutionGuid = {3634AEEF-7448-418A-881E-5B46496E1785}
	EndGlobalSection
EndGlobal
