
Microsoft Visual Studio Solution File, Format Version 12.00
# Visual Studio Version 16
VisualStudioVersion = 16.0.29230.61
MinimumVisualStudioVersion = 10.0.40219.1
Project("{FAE04EC0-301F-11D3-BF4B-00C04F79EFBC}") = "ShoppingAPI", "ShoppingAPI.csproj", "{273A62E5-E116-4A08-8D76-FDEB9A664185}"
EndProject
Global
	GlobalSection(SolutionConfigurationPlatforms) = preSolution
		Debug|Any CPU = Debug|Any CPU
		Release|Any CPU = Release|Any CPU
	EndGlobalSection
	GlobalSection(ProjectConfigurationPlatforms) = postSolution
		{273A62E5-E116-4A08-8D76-FDEB9A664185}.Debug|Any CPU.ActiveCfg = Debug|Any CPU
		{273A62E5-E116-4A08-8D76-FDEB9A664185}.Debug|Any CPU.Build.0 = Debug|Any CPU
		{273A62E5-E116-4A08-8D76-FDEB9A664185}.Release|Any CPU.ActiveCfg = Release|Any CPU
		{273A62E5-E116-4A08-8D76-FDEB9A664185}.Release|Any CPU.Build.0 = Release|Any CPU
	EndGlobalSection
	GlobalSection(SolutionProperties) = preSolution
		HideSolutionNode = FALSE
	EndGlobalSection
	GlobalSection(ExtensibilityGlobals) = postSolution
		SolutionGuid = {47840E1E-4EB5-4ADB-B405-6A895EBD47BA}
	EndGlobalSection
EndGlobal
